
Microsoft Visual Studio Solution File, Format Version 12.00
# Visual Studio Version 17
VisualStudioVersion = 17.9.34723.18
MinimumVisualStudioVersion = 10.0.40219.1
Project("{FAE04EC0-301F-11D3-BF4B-00C04F79EFBC}") = "02UnderstandingTypes", "02UnderstandingTypes\02UnderstandingTypes.csproj", "{9EA76EC6-03F1-4A1D-8823-98E5B6FD699C}"
EndProject
Global
	GlobalSection(SolutionConfigurationPlatforms) = preSolution
		Debug|Any CPU = Debug|Any CPU
		Release|Any CPU = Release|Any CPU
	EndGlobalSection
	GlobalSection(ProjectConfigurationPlatforms) = postSolution
		{9EA76EC6-03F1-4A1D-8823-98E5B6FD699C}.Debug|Any CPU.ActiveCfg = Debug|Any CPU
		{9EA76EC6-03F1-4A1D-8823-98E5B6FD699C}.Debug|Any CPU.Build.0 = Debug|Any CPU
		{9EA76EC6-03F1-4A1D-8823-98E5B6FD699C}.Release|Any CPU.ActiveCfg = Release|Any CPU
		{9EA76EC6-03F1-4A1D-8823-98E5B6FD699C}.Release|Any CPU.Build.0 = Release|Any CPU
	EndGlobalSection
	GlobalSection(SolutionProperties) = preSolution
		HideSolutionNode = FALSE
	EndGlobalSection
	GlobalSection(ExtensibilityGlobals) = postSolution
		SolutionGuid = {87684F60-44CA-4F46-A15D-083E6057898E}
	EndGlobalSection
EndGlobal
